
Microsoft Visual Studio Solution File, Format Version 12.00
# Visual Studio Version 17
VisualStudioVersion = 17.11.35208.52
MinimumVisualStudioVersion = 10.0.40219.1
Project("{FAE04EC0-301F-11D3-BF4B-00C04F79EFBC}") = "CSP-API", "CSP-API\CSP-API.csproj", "{CDD881D2-4C23-436F-8353-C662CE1BF2AD}"
EndProject
Project("{FAE04EC0-301F-11D3-BF4B-00C04F79EFBC}") = "BusinessLogic", "BusinessLogic\BusinessLogic.csproj", "{70012AC5-CC42-484E-8B97-9682FD398F0D}"
EndProject
Global
	GlobalSection(SolutionConfigurationPlatforms) = preSolution
		Debug|Any CPU = Debug|Any CPU
		Release|Any CPU = Release|Any CPU
	EndGlobalSection
	GlobalSection(ProjectConfigurationPlatforms) = postSolution
		{CDD881D2-4C23-436F-8353-C662CE1BF2AD}.Debug|Any CPU.ActiveCfg = Debug|Any CPU
		{CDD881D2-4C23-436F-8353-C662CE1BF2AD}.Debug|Any CPU.Build.0 = Debug|Any CPU
		{CDD881D2-4C23-436F-8353-C662CE1BF2AD}.Release|Any CPU.ActiveCfg = Release|Any CPU
		{CDD881D2-4C23-436F-8353-C662CE1BF2AD}.Release|Any CPU.Build.0 = Release|Any CPU
		{70012AC5-CC42-484E-8B97-9682FD398F0D}.Debug|Any CPU.ActiveCfg = Debug|Any CPU
		{70012AC5-CC42-484E-8B97-9682FD398F0D}.Debug|Any CPU.Build.0 = Debug|Any CPU
		{70012AC5-CC42-484E-8B97-9682FD398F0D}.Release|Any CPU.ActiveCfg = Release|Any CPU
		{70012AC5-CC42-484E-8B97-9682FD398F0D}.Release|Any CPU.Build.0 = Release|Any CPU
	EndGlobalSection
	GlobalSection(SolutionProperties) = preSolution
		HideSolutionNode = FALSE
	EndGlobalSection
	GlobalSection(ExtensibilityGlobals) = postSolution
		SolutionGuid = {37B28766-00CB-4F34-B5BE-88869DD38462}
	EndGlobalSection
EndGlobal
